
Microsoft Visual Studio Solution File, Format Version 12.00
# Visual Studio 2015
Project("{FAE04EC0-301F-11D3-BF4B-00C04F79EFBC}") = "2D_effect", "2D_effect.csproj", "{641DF5D0-25F8-031F-7739-E5B76D18BFF6}"
EndProject
Global
	GlobalSection(SolutionConfigurationPlatforms) = preSolution
		Debug|Any CPU = Debug|Any CPU
		Release|Any CPU = Release|Any CPU
	EndGlobalSection
	GlobalSection(ProjectConfigurationPlatforms) = postSolution
		{641DF5D0-25F8-031F-7739-E5B76D18BFF6}.Debug|Any CPU.ActiveCfg = Debug|Any CPU
		{641DF5D0-25F8-031F-7739-E5B76D18BFF6}.Debug|Any CPU.Build.0 = Debug|Any CPU
		{641DF5D0-25F8-031F-7739-E5B76D18BFF6}.Release|Any CPU.ActiveCfg = Release|Any CPU
		{641DF5D0-25F8-031F-7739-E5B76D18BFF6}.Release|Any CPU.Build.0 = Release|Any CPU
	EndGlobalSection
	GlobalSection(SolutionProperties) = preSolution
		HideSolutionNode = FALSE
	EndGlobalSection
EndGlobal
